<?xml version="1.0" encoding="utf-8"?>
<Project ToolsVersion="4.0" xmlns="http://schemas.microsoft.com/developer/msbuild/2003">
  <ItemGroup>
    <Filter Include="Core">
      <UniqueIdentifier>{5b68fb2e-29e0-43e2-a748-3441f8450040}</UniqueIdentifier>
    </Filter>
    <Filter Include="UI">
      <UniqueIdentifier>{a1604e15-54e6-4c54-a638-f4a589b91342}</UniqueIdentifier>
    </Filter>
    <Filter Include="UI\Menu">
      <UniqueIdentifier>{c129ea6b-d25d-4c36-a82b-096e40fb1355}</UniqueIdentifier>
    </Filter>
    <Filter Include="Core\Entities">
      <UniqueIdentifier>{9df3b4a1-8ec9-4fca-a052-d17f1ad2270e}</UniqueIdentifier>
    </Filter>
    <Filter Include="Core\Lib">
      <UniqueIdentifier>{fe261faa-58cf-44e1-9eed-89aa80e66e48}</UniqueIdentifier>
    </Filter>
    <Filter Include="Core\Entities\Game">
      <UniqueIdentifier>{16e3bdd2-431c-4837-bb7b-87da2dec5948}</UniqueIdentifier>
    </Filter>
    <Filter Include="Core\Entities\User">
      <UniqueIdentifier>{0d0ada92-1401-416b-a432-0726c09fc58e}</UniqueIdentifier>
    </Filter>
  </ItemGroup>
  <ItemGroup>
    <ClCompile Include="..\main.cpp" />
    <ClCompile Include="..\Core\Entities\Game\Game.cpp">
      <Filter>Core\Entities\Game</Filter>
    </ClCompile>
    <ClCompile Include="..\Core\Entities\User\User.cpp">
      <Filter>Core\Entities\User</Filter>
    </ClCompile>
  </ItemGroup>
  <ItemGroup>
    <ClInclude Include="..\Core\Lib\Lib.h">
      <Filter>Core\Lib</Filter>
    </ClInclude>
    <ClInclude Include="..\UI\Menu\Menu.h">
      <Filter>UI\Menu</Filter>
    </ClInclude>
    <ClInclude Include="..\Core\Entities\Game\Game.h">
      <Filter>Core\Entities\Game</Filter>
    </ClInclude>
    <ClInclude Include="..\Core\Entities\User\User.h">
      <Filter>Core\Entities\User</Filter>
    </ClInclude>
  </ItemGroup>
</Project>