<?xml version="1.0" encoding="utf-8"?>
<Project ToolsVersion="4.0" xmlns="http://schemas.microsoft.com/developer/msbuild/2003">
  <ItemGroup>
    <Filter Include="Core">
      <UniqueIdentifier>{5b68fb2e-29e0-43e2-a748-3441f8450040}</UniqueIdentifier>
    </Filter>
    <Filter Include="UI">
      <UniqueIdentifier>{a1604e15-54e6-4c54-a638-f4a589b91342}</UniqueIdentifier>
    </Filter>
    <Filter Include="Core\Entities">
      <UniqueIdentifier>{51e2b429-9992-4bbb-b578-aacd38a6fd07}</UniqueIdentifier>
    </Filter>
    <Filter Include="Core\Lib">
      <UniqueIdentifier>{8d498073-9977-4f06-8c45-378091ae9f6b}</UniqueIdentifier>
    </Filter>
    <Filter Include="Core\Entities\Seller">
      <UniqueIdentifier>{d6a60abe-da3e-4c24-a2bb-c6efb1922ec9}</UniqueIdentifier>
    </Filter>
    <Filter Include="Core\Entities\Shoes">
      <UniqueIdentifier>{f9d707b8-6d98-45b3-8e50-bb2a55687751}</UniqueIdentifier>
    </Filter>
    <Filter Include="Core\Entities\Shop">
      <UniqueIdentifier>{23cc8e56-7183-4125-acde-d7e36f38994e}</UniqueIdentifier>
    </Filter>
    <Filter Include="UI\Menu">
      <UniqueIdentifier>{c129ea6b-d25d-4c36-a82b-096e40fb1355}</UniqueIdentifier>
    </Filter>
  </ItemGroup>
  <ItemGroup>
    <ClCompile Include="..\Core\Entities\Seller\Seller.cpp">
      <Filter>Core\Entities\Seller</Filter>
    </ClCompile>
    <ClCompile Include="..\Core\Entities\Shoes\Shues.cpp">
      <Filter>Core\Entities\Shoes</Filter>
    </ClCompile>
    <ClCompile Include="..\Core\Entities\Shop\Shop.cpp">
      <Filter>Core\Entities\Shop</Filter>
    </ClCompile>
    <ClCompile Include="..\main.cpp" />
  </ItemGroup>
  <ItemGroup>
    <ClInclude Include="..\Core\Entities\Seller\Seller.h">
      <Filter>Core\Entities\Seller</Filter>
    </ClInclude>
    <ClInclude Include="..\Core\Entities\Shoes\Shues.h">
      <Filter>Core\Entities\Shoes</Filter>
    </ClInclude>
    <ClInclude Include="..\Core\Entities\Shop\Shop.h">
      <Filter>Core\Entities\Shop</Filter>
    </ClInclude>
    <ClInclude Include="..\Core\Lib\Lib.h">
      <Filter>Core\Lib</Filter>
    </ClInclude>
    <ClInclude Include="..\UI\Menu\Menu.h">
      <Filter>UI\Menu</Filter>
    </ClInclude>
  </ItemGroup>
</Project>